
Microsoft Visual Studio Solution File, Format Version 12.00
# Visual Studio Version 17
VisualStudioVersion = 17.1.32421.90
MinimumVisualStudioVersion = 10.0.40219.1
Project("{FAE04EC0-301F-11D3-BF4B-00C04F79EFBC}") = "AuctionDotNet", "AuctionDotNet\AuctionDotNet.csproj", "{A6A7F3CE-31B5-477A-B295-1A9EE49DFE0F}"
EndProject
Global
	GlobalSection(SolutionConfigurationPlatforms) = preSolution
		Debug|Any CPU = Debug|Any CPU
		Release|Any CPU = Release|Any CPU
	EndGlobalSection
	GlobalSection(ProjectConfigurationPlatforms) = postSolution
		{A6A7F3CE-31B5-477A-B295-1A9EE49DFE0F}.Debug|Any CPU.ActiveCfg = Debug|Any CPU
		{A6A7F3CE-31B5-477A-B295-1A9EE49DFE0F}.Debug|Any CPU.Build.0 = Debug|Any CPU
		{A6A7F3CE-31B5-477A-B295-1A9EE49DFE0F}.Release|Any CPU.ActiveCfg = Release|Any CPU
		{A6A7F3CE-31B5-477A-B295-1A9EE49DFE0F}.Release|Any CPU.Build.0 = Release|Any CPU
	EndGlobalSection
	GlobalSection(SolutionProperties) = preSolution
		HideSolutionNode = FALSE
	EndGlobalSection
	GlobalSection(ExtensibilityGlobals) = postSolution
		SolutionGuid = {37A38753-9FEF-4A22-A0FB-27B42527A947}
	EndGlobalSection
EndGlobal
